
Microsoft Visual Studio Solution File, Format Version 12.00
# Visual Studio 15
VisualStudioVersion = 15.0.26430.16
MinimumVisualStudioVersion = 10.0.40219.1
Project("{FAE04EC0-301F-11D3-BF4B-00C04F79EFBC}") = "Movex.View", "Fasetto.Word\Movex.View.csproj", "{E69312C9-96E1-44CB-8CAA-237E09DFE433}"
	ProjectSection(ProjectDependencies) = postProject
		{661F9279-AFC6-4C1F-95F9-D0936B7A398E} = {661F9279-AFC6-4C1F-95F9-D0936B7A398E}
	EndProjectSection
EndProject
Project("{FAE04EC0-301F-11D3-BF4B-00C04F79EFBC}") = "Movex.View.Core", "Fasetto.Word.Core\Movex.View.Core.csproj", "{CAC0A047-D879-4A29-8136-BE1E33F5F35C}"
EndProject
Project("{FAE04EC0-301F-11D3-BF4B-00C04F79EFBC}") = "Movex.Network", "Movex.Networking\Movex.Network.csproj", "{38AFC9F0-0BEE-469B-BE19-ADFAAF2DD799}"
EndProject
Project("{FAE04EC0-301F-11D3-BF4B-00C04F79EFBC}") = "Movex.ContextMenu", "..\..\..\..\..\Visual Studio 2017\Projects\CountLines\CountLines\Movex.ContextMenu.csproj", "{4635E1DD-3AEF-41DD-B825-701803155D42}"
	ProjectSection(ProjectDependencies) = postProject
		{D8F22D2F-97EC-4969-BFF5-AADE58C5A334} = {D8F22D2F-97EC-4969-BFF5-AADE58C5A334}
	EndProjectSection
EndProject
Project("{FAE04EC0-301F-11D3-BF4B-00C04F79EFBC}") = "Movex.ShortcutView", "Movex.ShortcutView\Movex.ShortcutView.csproj", "{D8F22D2F-97EC-4969-BFF5-AADE58C5A334}"
	ProjectSection(ProjectDependencies) = postProject
		{CAC0A047-D879-4A29-8136-BE1E33F5F35C} = {CAC0A047-D879-4A29-8136-BE1E33F5F35C}
	EndProjectSection
EndProject
Project("{54435603-DBB4-11D2-8724-00A0C9A8B90C}") = "Movex.Installer", "..\..\..\..\..\Visual Studio 2017\Projects\MovexInstaller\MovexInstaller\MovexInstaller.vdproj", "{2AA03884-3B53-4C87-B5FB-8AF508AB21F9}"
EndProject
Project("{FAE04EC0-301F-11D3-BF4B-00C04F79EFBC}") = "Movex.FTP", "Movex.FTP\Movex.FTP.csproj", "{661F9279-AFC6-4C1F-95F9-D0936B7A398E}"
EndProject
Global
	GlobalSection(SolutionConfigurationPlatforms) = preSolution
		Debug|Any CPU = Debug|Any CPU
		Release|Any CPU = Release|Any CPU
	EndGlobalSection
	GlobalSection(ProjectConfigurationPlatforms) = postSolution
		{E69312C9-96E1-44CB-8CAA-237E09DFE433}.Debug|Any CPU.ActiveCfg = Debug|Any CPU
		{E69312C9-96E1-44CB-8CAA-237E09DFE433}.Debug|Any CPU.Build.0 = Debug|Any CPU
		{E69312C9-96E1-44CB-8CAA-237E09DFE433}.Release|Any CPU.ActiveCfg = Release|Any CPU
		{E69312C9-96E1-44CB-8CAA-237E09DFE433}.Release|Any CPU.Build.0 = Release|Any CPU
		{CAC0A047-D879-4A29-8136-BE1E33F5F35C}.Debug|Any CPU.ActiveCfg = Debug|Any CPU
		{CAC0A047-D879-4A29-8136-BE1E33F5F35C}.Debug|Any CPU.Build.0 = Debug|Any CPU
		{CAC0A047-D879-4A29-8136-BE1E33F5F35C}.Release|Any CPU.ActiveCfg = Release|Any CPU
		{CAC0A047-D879-4A29-8136-BE1E33F5F35C}.Release|Any CPU.Build.0 = Release|Any CPU
		{38AFC9F0-0BEE-469B-BE19-ADFAAF2DD799}.Debug|Any CPU.ActiveCfg = Debug|Any CPU
		{38AFC9F0-0BEE-469B-BE19-ADFAAF2DD799}.Debug|Any CPU.Build.0 = Debug|Any CPU
		{38AFC9F0-0BEE-469B-BE19-ADFAAF2DD799}.Release|Any CPU.ActiveCfg = Release|Any CPU
		{38AFC9F0-0BEE-469B-BE19-ADFAAF2DD799}.Release|Any CPU.Build.0 = Release|Any CPU
		{4635E1DD-3AEF-41DD-B825-701803155D42}.Debug|Any CPU.ActiveCfg = Debug|Any CPU
		{4635E1DD-3AEF-41DD-B825-701803155D42}.Debug|Any CPU.Build.0 = Debug|Any CPU
		{4635E1DD-3AEF-41DD-B825-701803155D42}.Release|Any CPU.ActiveCfg = Release|Any CPU
		{4635E1DD-3AEF-41DD-B825-701803155D42}.Release|Any CPU.Build.0 = Release|Any CPU
		{D8F22D2F-97EC-4969-BFF5-AADE58C5A334}.Debug|Any CPU.ActiveCfg = Debug|Any CPU
		{D8F22D2F-97EC-4969-BFF5-AADE58C5A334}.Debug|Any CPU.Build.0 = Debug|Any CPU
		{D8F22D2F-97EC-4969-BFF5-AADE58C5A334}.Release|Any CPU.ActiveCfg = Release|Any CPU
		{D8F22D2F-97EC-4969-BFF5-AADE58C5A334}.Release|Any CPU.Build.0 = Release|Any CPU
		{2AA03884-3B53-4C87-B5FB-8AF508AB21F9}.Debug|Any CPU.ActiveCfg = Debug
		{2AA03884-3B53-4C87-B5FB-8AF508AB21F9}.Debug|Any CPU.Build.0 = Debug
		{2AA03884-3B53-4C87-B5FB-8AF508AB21F9}.Release|Any CPU.ActiveCfg = Release
		{2AA03884-3B53-4C87-B5FB-8AF508AB21F9}.Release|Any CPU.Build.0 = Release
		{661F9279-AFC6-4C1F-95F9-D0936B7A398E}.Debug|Any CPU.ActiveCfg = Debug|Any CPU
		{661F9279-AFC6-4C1F-95F9-D0936B7A398E}.Debug|Any CPU.Build.0 = Debug|Any CPU
		{661F9279-AFC6-4C1F-95F9-D0936B7A398E}.Release|Any CPU.ActiveCfg = Release|Any CPU
		{661F9279-AFC6-4C1F-95F9-D0936B7A398E}.Release|Any CPU.Build.0 = Release|Any CPU
	EndGlobalSection
	GlobalSection(SolutionProperties) = preSolution
		HideSolutionNode = FALSE
	EndGlobalSection
	GlobalSection(ExtensibilityGlobals) = postSolution
		SolutionGuid = {D92336A2-B683-4A01-AA36-6D73721CC7F8}
	EndGlobalSection
EndGlobal
